{
  "name": "test-npm-github",
  "version": "1.0.0",
  "lockfileVersion": 2,
  "requires": true,
  "packages": {
    "": {
      "version": "1.0.0",
      "license": "ISC",
      "dependencies": {
        "is-odd": "github:i-voted-for-trump/is-odd"
      }
    },
    "node_modules/is-number": {
      "version": "6.0.0",
      "resolved": "https://registry.npmjs.org/is-number/-/is-number-6.0.0.tgz",
      "integrity": "sha512-Wu1VHeILBK8KAWJUAiSZQX94GmOE45Rg6/538fKwiloUu21KncEkYGPqob2oSZ5mUT73vLGrHQjKw3KMPwfDzg==",
      "engines": {
        "node": ">=0.10.0"
      }
    },
    "node_modules/is-odd": {
      "version": "3.0.1",
      "resolved": "git+ssh://git@github.com/i-voted-for-trump/is-odd.git#a80ee0d831a8ee69f1fad5b4673491847975eb26",
      "license": "MIT",
      "dependencies": {
        "is-number": "^6.0.0"
      },
      "engines": {
        "node": ">=4"
      }
    }
  },
  "dependencies": {
    "is-number": {
      "version": "6.0.0",
      "resolved": "https://registry.npmjs.org/is-number/-/is-number-6.0.0.tgz",
      "integrity": "sha512-Wu1VHeILBK8KAWJUAiSZQX94GmOE45Rg6/538fKwiloUu21KncEkYGPqob2oSZ5mUT73vLGrHQjKw3KMPwfDzg=="
    },
    "is-odd": {
      "version": "git+ssh://git@github.com/i-voted-for-trump/is-odd.git#a80ee0d831a8ee69f1fad5b4673491847975eb26",
      "from": "is-odd@i-voted-for-trump/is-odd",
      "requires": {
        "is-number": "^6.0.0"
      }
    }
  }
}
