lockfileVersion: '9.0'

settings:
  autoInstallPeers: true
  excludeLinksFromLockfile: false

importers:

  .:
    dependencies:
      '@sheeptester/htmlifier':
        specifier: ^1.0.3
        version: 1.0.3
      '@trivago/prettier-plugin-sort-imports':
        specifier: ^4.3.0
        version: 4.3.0(prettier@3.2.5)
      jwt-cracker:
        specifier: ^1.0.6
        version: 1.0.6

packages:

  '@babel/code-frame@7.24.2':
    resolution: {integrity: sha512-y5+tLQyV8pg3fsiln67BVLD1P13Eg4lh5RW9mF0zUuvLrv9uIQ4MCL+CRT+FTsBlBjcIan6PGsLcBN0m3ClUyQ==}
    engines: {node: '>=6.9.0'}

  '@babel/generator@7.17.7':
    resolution: {integrity: sha512-oLcVCTeIFadUoArDTwpluncplrYBmTCCZZgXCbgNGvOBBiSDDK3eWO4b/+eOTli5tKv1lg+a5/NAXg+nTcei1w==}
    engines: {node: '>=6.9.0'}

  '@babel/generator@7.24.5':
    resolution: {integrity: sha512-x32i4hEXvr+iI0NEoEfDKzlemF8AmtOP8CcrRaEcpzysWuoEb1KknpcvMsHKPONoKZiDuItklgWhB18xEhr9PA==}
    engines: {node: '>=6.9.0'}

  '@babel/helper-environment-visitor@7.22.20':
    resolution: {integrity: sha512-zfedSIzFhat/gFhWfHtgWvlec0nqB9YEIVrpuwjruLlXfUSnA8cJB0miHKwqDnQ7d32aKo2xt88/xZptwxbfhA==}
    engines: {node: '>=6.9.0'}

  '@babel/helper-function-name@7.23.0':
    resolution: {integrity: sha512-OErEqsrxjZTJciZ4Oo+eoZqeW9UIiOcuYKRJA4ZAgV9myA+pOXhhmpfNCKjEH/auVfEYVFJ6y1Tc4r0eIApqiw==}
    engines: {node: '>=6.9.0'}

  '@babel/helper-hoist-variables@7.22.5':
    resolution: {integrity: sha512-wGjk9QZVzvknA6yKIUURb8zY3grXCcOZt+/7Wcy8O2uctxhplmUPkOdlgoNhmdVee2c92JXbf1xpMtVNbfoxRw==}
    engines: {node: '>=6.9.0'}

  '@babel/helper-split-export-declaration@7.24.5':
    resolution: {integrity: sha512-5CHncttXohrHk8GWOFCcCl4oRD9fKosWlIRgWm4ql9VYioKm52Mk2xsmoohvm7f3JoiLSM5ZgJuRaf5QZZYd3Q==}
    engines: {node: '>=6.9.0'}

  '@babel/helper-string-parser@7.24.1':
    resolution: {integrity: sha512-2ofRCjnnA9y+wk8b9IAREroeUP02KHp431N2mhKniy2yKIDKpbrHv9eXwm8cBeWQYcJmzv5qKCu65P47eCF7CQ==}
    engines: {node: '>=6.9.0'}

  '@babel/helper-validator-identifier@7.24.5':
    resolution: {integrity: sha512-3q93SSKX2TWCG30M2G2kwaKeTYgEUp5Snjuj8qm729SObL6nbtUldAi37qbxkD5gg3xnBio+f9nqpSepGZMvxA==}
    engines: {node: '>=6.9.0'}

  '@babel/highlight@7.24.5':
    resolution: {integrity: sha512-8lLmua6AVh/8SLJRRVD6V8p73Hir9w5mJrhE+IPpILG31KKlI9iz5zmBYKcWPS59qSfgP9RaSBQSHHE81WKuEw==}
    engines: {node: '>=6.9.0'}

  '@babel/parser@7.24.5':
    resolution: {integrity: sha512-EOv5IK8arwh3LI47dz1b0tKUb/1uhHAnHJOrjgtQMIpu1uXd9mlFrJg9IUgGUgZ41Ch0K8REPTYpO7B76b4vJg==}
    engines: {node: '>=6.0.0'}
    hasBin: true

  '@babel/template@7.24.0':
    resolution: {integrity: sha512-Bkf2q8lMB0AFpX0NFEqSbx1OkTHf0f+0j82mkw+ZpzBnkk7e9Ql0891vlfgi+kHwOk8tQjiQHpqh4LaSa0fKEA==}
    engines: {node: '>=6.9.0'}

  '@babel/traverse@7.23.2':
    resolution: {integrity: sha512-azpe59SQ48qG6nu2CzcMLbxUudtN+dOM9kDbUqGq3HXUJRlo7i8fvPoxQUzYgLZ4cMVmuZgm8vvBpNeRhd6XSw==}
    engines: {node: '>=6.9.0'}

  '@babel/types@7.17.0':
    resolution: {integrity: sha512-TmKSNO4D5rzhL5bjWFcVHHLETzfQ/AmbKpKPOSjlP0WoHZ6L911fgoOKY4Alp/emzG4cHJdyN49zpgkbXFEHHw==}
    engines: {node: '>=6.9.0'}

  '@babel/types@7.24.5':
    resolution: {integrity: sha512-6mQNsaLeXTw0nxYUYu+NSa4Hx4BlF1x1x8/PMFbiR+GBSr+2DkECc69b8hgy2frEodNcvPffeH8YfWd3LI6jhQ==}
    engines: {node: '>=6.9.0'}

  '@jridgewell/gen-mapping@0.3.5':
    resolution: {integrity: sha512-IzL8ZoEDIBRWEzlCcRhOaCupYyN5gdIK+Q6fbFdPDg6HqX6jpkItn7DFIpW9LQzXG6Df9sA7+OKnq0qlz/GaQg==}
    engines: {node: '>=6.0.0'}

  '@jridgewell/resolve-uri@3.1.2':
    resolution: {integrity: sha512-bRISgCIjP20/tbWSPWMEi54QVPRZExkuD9lJL+UIxUKtwVJA8wW1Trb1jMs1RFXo1CBTNZ/5hpC9QvmKWdopKw==}
    engines: {node: '>=6.0.0'}

  '@jridgewell/set-array@1.2.1':
    resolution: {integrity: sha512-R8gLRTZeyp03ymzP/6Lil/28tGeGEzhx1q2k703KGWRAI1VdvPIXdG70VJc2pAMw3NA6JKL5hhFu1sJX0Mnn/A==}
    engines: {node: '>=6.0.0'}

  '@jridgewell/sourcemap-codec@1.4.15':
    resolution: {integrity: sha512-eF2rxCRulEKXHTRiDrDy6erMYWqNw4LPdQ8UQA4huuxaQsVeRPFl2oM8oDGxMFhJUWZf9McpLtJasDDZb/Bpeg==}

  '@jridgewell/trace-mapping@0.3.25':
    resolution: {integrity: sha512-vNk6aEwybGtawWmy/PzwnGDOjCkLWSD2wqvjGGAgOAwCGWySYXfYoxt00IJkTF+8Lb57DwOb3Aa0o9CApepiYQ==}

  '@sheeptester/htmlifier@1.0.3':
    resolution: {integrity: sha512-a+967BmUbMq0Z7V9XP77FfWvl/+dxkuq6oJ0x0vxA7t4ShHWDbZznn2Y5y0heDDBLD3h1vCNyOX4YZE1XNCd3A==}

  '@trivago/prettier-plugin-sort-imports@4.3.0':
    resolution: {integrity: sha512-r3n0onD3BTOVUNPhR4lhVK4/pABGpbA7bW3eumZnYdKaHkf1qEC+Mag6DPbGNuuh0eG8AaYj+YqmVHSiGslaTQ==}
    peerDependencies:
      '@vue/compiler-sfc': 3.x
      prettier: 2.x - 3.x
    peerDependenciesMeta:
      '@vue/compiler-sfc':
        optional: true

  ansi-styles@3.2.1:
    resolution: {integrity: sha512-VT0ZI6kZRdTh8YyJw3SMbYm/u+NqfsAxEpWO0Pf9sq8/e94WxxOpPKx9FR1FlyCtOVDNOQ+8ntlqFxiRc+r5qA==}
    engines: {node: '>=4'}

  chalk@2.4.2:
    resolution: {integrity: sha512-Mti+f9lpJNcwF4tWV8/OrTTtF1gZi+f8FqlyAdouralcFWFQWF2+NgCHShjkCb+IFBLq9buZwE1xckQU4peSuQ==}
    engines: {node: '>=4'}

  color-convert@1.9.3:
    resolution: {integrity: sha512-QfAUtd+vFdAtFQcC8CCyYt1fYWxSqAiK2cSD6zDB8N3cpsEBAvRxp9zOGg6G/SHHJYAT88/az/IuDGALsNVbGg==}

  color-name@1.1.3:
    resolution: {integrity: sha512-72fSenhMw2HZMTVHeCA9KCmpEIbzWiQsjN+BHcBbS9vr1mtt+vJjPdksIBNUmKAW8TFUDPJK5SUU3QhE9NEXDw==}

  core-util-is@1.0.3:
    resolution: {integrity: sha512-ZQBvi1DcpJ4GDqanjucZ2Hj3wEO5pZDS89BWbkcrvdxksJorwUDDZamX9ldFkp9aw2lmBDLgkObEA4DWNJ9FYQ==}

  debug@4.3.4:
    resolution: {integrity: sha512-PRWFHuSU3eDtQJPvnNY7Jcket1j0t5OuOsFzPPzsekD52Zl8qUfFIPEiswXqIvHWGVHOgX+7G/vCNNhehwxfkQ==}
    engines: {node: '>=6.0'}
    peerDependencies:
      supports-color: '*'
    peerDependenciesMeta:
      supports-color:
        optional: true

  escape-string-regexp@1.0.5:
    resolution: {integrity: sha512-vbRorB5FUQWvla16U8R/qgaFIya2qGzwDrNmCZuYKrbdSUMG6I1ZCGQRefkRVhuOkIGVne7BQ35DSfo1qvJqFg==}
    engines: {node: '>=0.8.0'}

  fetch-blob@3.2.0:
    resolution: {integrity: sha512-7yAQpD2UMJzLi1Dqv7qFYnPbaPx7ZfFK6PiIxQ4PfkGPyNyl2Ugx+a/umUonmKqjhM4DnfbMvdX6otXq83soQQ==}
    engines: {node: ^12.20 || >= 14.13}

  globals@11.12.0:
    resolution: {integrity: sha512-WOBp/EEGUiIsJSp7wcv/y6MO+lV9UoncWqxuFfm8eBwzWNgyfBd6Gz+IeKQ9jCmyhoH99g15M3T+QaVHFjizVA==}
    engines: {node: '>=4'}

  has-flag@3.0.0:
    resolution: {integrity: sha512-sKJf1+ceQBr4SMkvQnBDNDtf4TXpVhVGateu0t918bl30FnbE2m4vNLX+VWe/dpjlb+HugGYzW7uQXH98HPEYw==}
    engines: {node: '>=4'}

  inherits@2.0.4:
    resolution: {integrity: sha512-k/vGaX4/Yla3WzyMCvTQOXYeIHvqOKtnqBduzTHpzpQZzAskKMhZ2K+EnBiSM9zGSoIFeMpXKxa4dYeZIQqewQ==}

  isarray@0.0.1:
    resolution: {integrity: sha512-D2S+3GLxWH+uhrNEcoh/fnmYeP8E8/zHl644d/jdA0g2uyXvy3sb0qxotE+ne0LtccHknQzWwZEzhak7oJ0COQ==}

  javascript-natural-sort@0.7.1:
    resolution: {integrity: sha512-nO6jcEfZWQXDhOiBtG2KvKyEptz7RVbpGP4vTD2hLBdmNQSsCiicO2Ioinv6UI4y9ukqnBpy+XZ9H6uLNgJTlw==}

  js-tokens@4.0.0:
    resolution: {integrity: sha512-RdJUflcE3cUzKiMqQgsCu06FPu9UdIJO0beYbPhHN4k6apgJtifcoCtT9bcxOpYBtpD2kCM6Sbzg4CausW/PKQ==}

  jsesc@2.5.2:
    resolution: {integrity: sha512-OYu7XEzjkCQ3C5Ps3QIZsQfNpqoJyZZA99wd9aWd05NCtC5pWOkShK2mkL6HXQR6/Cy2lbNdPlZBpuQHXE63gA==}
    engines: {node: '>=4'}
    hasBin: true

  jwt-cracker@1.0.6:
    resolution: {integrity: sha512-Et+KhR7ttJFrjjBLoaWN9L2CwyCuC419jrtEaZ/y1JTcjPAGsghVdh8AedarAp1i08E+zBmApar/s2Nff3235w==}
    engines: {node: '>=4.0.0'}
    hasBin: true

  lodash@4.17.21:
    resolution: {integrity: sha512-v2kDEe57lecTulaDIuNTPy3Ry4gLGJ6Z1O3vE1krgXZNrsQ+LFTGHVxVjcXPs17LhbZVGedAJv8XZ1tvj5FvSg==}

  ms@2.1.2:
    resolution: {integrity: sha512-sGkPx+VjMtmA6MX27oA4FBFELFCZZ4S4XqeGOXCv68tT+jb3vk/RyaKWP0PTKyWtmLSM0b+adUTEvbs1PEaH2w==}

  node-domexception@1.0.0:
    resolution: {integrity: sha512-/jKZoMpw0F8GRwl4/eLROPA3cfcXtLApP0QzLmUT/HuPCZWyB7IY9ZrMeKw2O/nFIqPQB3PVM9aYm0F312AXDQ==}
    engines: {node: '>=10.5.0'}

  node-fetch@2.7.0:
    resolution: {integrity: sha512-c4FRfUm/dbcWZ7U+1Wq0AwCyFL+3nt2bEw05wfxSz+DWpWsitgmSgYmy2dQdWyKC1694ELPqMs/YzUSNozLt8A==}
    engines: {node: 4.x || >=6.0.0}
    peerDependencies:
      encoding: ^0.1.0
    peerDependenciesMeta:
      encoding:
        optional: true

  picocolors@1.0.0:
    resolution: {integrity: sha512-1fygroTLlHu66zi26VoTDv8yRgm0Fccecssto+MhsZ0D/DGW2sm8E8AjW7NU5VVTRt5GxbeZ5qBuJr+HyLYkjQ==}

  prettier@3.2.5:
    resolution: {integrity: sha512-3/GWa9aOC0YeD7LUfvOG2NiDyhOWRvt1k+rcKhOuYnMY24iiCphgneUfJDyFXd6rZCAnuLBv6UeAULtrhT/F4A==}
    engines: {node: '>=14'}
    hasBin: true

  readable-stream@1.0.34:
    resolution: {integrity: sha512-ok1qVCJuRkNmvebYikljxJA/UEsKwLl2nI1OmaqAu4/UE+h0wKCHok4XkL/gvi39OacXvw59RJUOFUkDib2rHg==}

  source-map@0.5.7:
    resolution: {integrity: sha512-LbrmJOMUSdEVxIKvdcJzQC+nQhe8FUZQTXQy6+I75skNgn3OoQ0DZA8YnFa7gp8tqtL3KPf1kmo0R5DoApeSGQ==}
    engines: {node: '>=0.10.0'}

  string_decoder@0.10.31:
    resolution: {integrity: sha512-ev2QzSzWPYmy9GuqfIVildA4OdcGLeFZQrq5ys6RtiuF+RQQiZWr8TZNyAcuVXyQRYfEO+MsoB/1BuQVhOJuoQ==}

  supports-color@5.5.0:
    resolution: {integrity: sha512-QjVjwdXIt408MIiAqCX4oUKsgU2EqAGzs2Ppkm4aQYbjm+ZEWEcW4SfFNTr4uMNZma0ey4f5lgLrkB0aX0QMow==}
    engines: {node: '>=4'}

  to-fast-properties@2.0.0:
    resolution: {integrity: sha512-/OaKK0xYrs3DmxRYqL/yDc+FxFUVYhDlXMhRmv3z915w2HF1tnN1omB354j8VUGO/hbRzyD6Y3sA7v7GS/ceog==}
    engines: {node: '>=4'}

  tr46@0.0.3:
    resolution: {integrity: sha512-N3WMsuqV66lT30CrXNbEjx4GEwlow3v6rr4mCcv6prnfwhS01rkgyFdjPNBYd9br7LpXV1+Emh01fHnq2Gdgrw==}

  variations-stream@0.1.3:
    resolution: {integrity: sha512-GN/ly6NffOn8cShBXldMCTb3iqgkVxNdhKwnzJcJpc3WTIiBGWxNj5Pe5qFF0FuJc67YCRx1dRIW49kQZTlIyQ==}

  web-streams-polyfill@3.3.3:
    resolution: {integrity: sha512-d2JWLCivmZYTSIoge9MsgFCZrt571BikcWGYkjC1khllbTeDlGqZ2D8vD8E/lJa8WGWbb7Plm8/XJYV7IJHZZw==}
    engines: {node: '>= 8'}

  webidl-conversions@3.0.1:
    resolution: {integrity: sha512-2JAn3z8AR6rjK8Sm8orRC0h/bcl/DqL7tRPdGZ4I1CjdF+EaMLmYxBHyXuKL849eucPFhvBoxMsflfOb8kxaeQ==}

  whatwg-url@5.0.0:
    resolution: {integrity: sha512-saE57nupxk6v3HY35+jzBwYa0rKSy0XR8JSxZPwgLr7ys0IBzhGviA1/TUGJLmSVqs8pb9AnvICXEuOHLprYTw==}

snapshots:

  '@babel/code-frame@7.24.2':
    dependencies:
      '@babel/highlight': 7.24.5
      picocolors: 1.0.0

  '@babel/generator@7.17.7':
    dependencies:
      '@babel/types': 7.17.0
      jsesc: 2.5.2
      source-map: 0.5.7

  '@babel/generator@7.24.5':
    dependencies:
      '@babel/types': 7.24.5
      '@jridgewell/gen-mapping': 0.3.5
      '@jridgewell/trace-mapping': 0.3.25
      jsesc: 2.5.2

  '@babel/helper-environment-visitor@7.22.20': {}

  '@babel/helper-function-name@7.23.0':
    dependencies:
      '@babel/template': 7.24.0
      '@babel/types': 7.24.5

  '@babel/helper-hoist-variables@7.22.5':
    dependencies:
      '@babel/types': 7.24.5

  '@babel/helper-split-export-declaration@7.24.5':
    dependencies:
      '@babel/types': 7.24.5

  '@babel/helper-string-parser@7.24.1': {}

  '@babel/helper-validator-identifier@7.24.5': {}

  '@babel/highlight@7.24.5':
    dependencies:
      '@babel/helper-validator-identifier': 7.24.5
      chalk: 2.4.2
      js-tokens: 4.0.0
      picocolors: 1.0.0

  '@babel/parser@7.24.5':
    dependencies:
      '@babel/types': 7.17.0

  '@babel/template@7.24.0':
    dependencies:
      '@babel/code-frame': 7.24.2
      '@babel/parser': 7.24.5
      '@babel/types': 7.24.5

  '@babel/traverse@7.23.2':
    dependencies:
      '@babel/code-frame': 7.24.2
      '@babel/generator': 7.24.5
      '@babel/helper-environment-visitor': 7.22.20
      '@babel/helper-function-name': 7.23.0
      '@babel/helper-hoist-variables': 7.22.5
      '@babel/helper-split-export-declaration': 7.24.5
      '@babel/parser': 7.24.5
      '@babel/types': 7.24.5
      debug: 4.3.4
      globals: 11.12.0
    transitivePeerDependencies:
      - supports-color

  '@babel/types@7.17.0':
    dependencies:
      '@babel/helper-validator-identifier': 7.24.5
      to-fast-properties: 2.0.0

  '@babel/types@7.24.5':
    dependencies:
      '@babel/helper-string-parser': 7.24.1
      '@babel/helper-validator-identifier': 7.24.5
      to-fast-properties: 2.0.0

  '@jridgewell/gen-mapping@0.3.5':
    dependencies:
      '@jridgewell/set-array': 1.2.1
      '@jridgewell/sourcemap-codec': 1.4.15
      '@jridgewell/trace-mapping': 0.3.25

  '@jridgewell/resolve-uri@3.1.2': {}

  '@jridgewell/set-array@1.2.1': {}

  '@jridgewell/sourcemap-codec@1.4.15': {}

  '@jridgewell/trace-mapping@0.3.25':
    dependencies:
      '@jridgewell/resolve-uri': 3.1.2
      '@jridgewell/sourcemap-codec': 1.4.15

  '@sheeptester/htmlifier@1.0.3':
    dependencies:
      fetch-blob: 3.2.0
      node-fetch: 2.7.0
    transitivePeerDependencies:
      - encoding

  '@trivago/prettier-plugin-sort-imports@4.3.0(prettier@3.2.5)':
    dependencies:
      '@babel/generator': 7.17.7
      '@babel/parser': 7.24.5
      '@babel/traverse': 7.23.2
      '@babel/types': 7.17.0
      javascript-natural-sort: 0.7.1
      lodash: 4.17.21
      prettier: 3.2.5
    transitivePeerDependencies:
      - supports-color

  ansi-styles@3.2.1:
    dependencies:
      color-convert: 1.9.3

  chalk@2.4.2:
    dependencies:
      ansi-styles: 3.2.1
      escape-string-regexp: 1.0.5
      supports-color: 5.5.0

  color-convert@1.9.3:
    dependencies:
      color-name: 1.1.3

  color-name@1.1.3: {}

  core-util-is@1.0.3: {}

  debug@4.3.4:
    dependencies:
      ms: 2.1.2

  escape-string-regexp@1.0.5: {}

  fetch-blob@3.2.0:
    dependencies:
      node-domexception: 1.0.0
      web-streams-polyfill: 3.3.3

  globals@11.12.0: {}

  has-flag@3.0.0: {}

  inherits@2.0.4: {}

  isarray@0.0.1: {}

  javascript-natural-sort@0.7.1: {}

  js-tokens@4.0.0: {}

  jsesc@2.5.2: {}

  jwt-cracker@1.0.6:
    dependencies:
      variations-stream: 0.1.3

  lodash@4.17.21: {}

  ms@2.1.2: {}

  node-domexception@1.0.0: {}

  node-fetch@2.7.0:
    dependencies:
      whatwg-url: 5.0.0

  picocolors@1.0.0: {}

  prettier@3.2.5: {}

  readable-stream@1.0.34:
    dependencies:
      core-util-is: 1.0.3
      inherits: 2.0.4
      isarray: 0.0.1
      string_decoder: 0.10.31

  source-map@0.5.7: {}

  string_decoder@0.10.31: {}

  supports-color@5.5.0:
    dependencies:
      has-flag: 3.0.0

  to-fast-properties@2.0.0: {}

  tr46@0.0.3: {}

  variations-stream@0.1.3:
    dependencies:
      readable-stream: 1.0.34

  web-streams-polyfill@3.3.3: {}

  webidl-conversions@3.0.1: {}

  whatwg-url@5.0.0:
    dependencies:
      tr46: 0.0.3
      webidl-conversions: 3.0.1
